
Microsoft Visual Studio Solution File, Format Version 12.00
# Visual Studio 15
VisualStudioVersion = 15.0.26124.0
MinimumVisualStudioVersion = 15.0.26124.0
Project("{FAE04EC0-301F-11D3-BF4B-00C04F79EFBC}") = "InventoryManager", "InventoryManager\InventoryManager.csproj", "{750D45AA-CFFA-49CC-B94C-7153FDF6DED0}"
EndProject
Project("{FAE04EC0-301F-11D3-BF4B-00C04F79EFBC}") = "InventoryManagement.Tests", "InventoryManagement.Tests\InventoryManagement.Tests.csproj", "{17DF7487-DFA6-4AE8-831C-99251D20C120}"
EndProject
Global
	GlobalSection(SolutionConfigurationPlatforms) = preSolution
		Debug|Any CPU = Debug|Any CPU
		Debug|x64 = Debug|x64
		Debug|x86 = Debug|x86
		Release|Any CPU = Release|Any CPU
		Release|x64 = Release|x64
		Release|x86 = Release|x86
	EndGlobalSection
	GlobalSection(SolutionProperties) = preSolution
		HideSolutionNode = FALSE
	EndGlobalSection
	GlobalSection(ProjectConfigurationPlatforms) = postSolution
		{750D45AA-CFFA-49CC-B94C-7153FDF6DED0}.Debug|Any CPU.ActiveCfg = Debug|Any CPU
		{750D45AA-CFFA-49CC-B94C-7153FDF6DED0}.Debug|Any CPU.Build.0 = Debug|Any CPU
		{750D45AA-CFFA-49CC-B94C-7153FDF6DED0}.Debug|x64.ActiveCfg = Debug|Any CPU
		{750D45AA-CFFA-49CC-B94C-7153FDF6DED0}.Debug|x64.Build.0 = Debug|Any CPU
		{750D45AA-CFFA-49CC-B94C-7153FDF6DED0}.Debug|x86.ActiveCfg = Debug|Any CPU
		{750D45AA-CFFA-49CC-B94C-7153FDF6DED0}.Debug|x86.Build.0 = Debug|Any CPU
		{750D45AA-CFFA-49CC-B94C-7153FDF6DED0}.Release|Any CPU.ActiveCfg = Release|Any CPU
		{750D45AA-CFFA-49CC-B94C-7153FDF6DED0}.Release|Any CPU.Build.0 = Release|Any CPU
		{750D45AA-CFFA-49CC-B94C-7153FDF6DED0}.Release|x64.ActiveCfg = Release|Any CPU
		{750D45AA-CFFA-49CC-B94C-7153FDF6DED0}.Release|x64.Build.0 = Release|Any CPU
		{750D45AA-CFFA-49CC-B94C-7153FDF6DED0}.Release|x86.ActiveCfg = Release|Any CPU
		{750D45AA-CFFA-49CC-B94C-7153FDF6DED0}.Release|x86.Build.0 = Release|Any CPU
		{17DF7487-DFA6-4AE8-831C-99251D20C120}.Debug|Any CPU.ActiveCfg = Debug|Any CPU
		{17DF7487-DFA6-4AE8-831C-99251D20C120}.Debug|Any CPU.Build.0 = Debug|Any CPU
		{17DF7487-DFA6-4AE8-831C-99251D20C120}.Debug|x64.ActiveCfg = Debug|Any CPU
		{17DF7487-DFA6-4AE8-831C-99251D20C120}.Debug|x64.Build.0 = Debug|Any CPU
		{17DF7487-DFA6-4AE8-831C-99251D20C120}.Debug|x86.ActiveCfg = Debug|Any CPU
		{17DF7487-DFA6-4AE8-831C-99251D20C120}.Debug|x86.Build.0 = Debug|Any CPU
		{17DF7487-DFA6-4AE8-831C-99251D20C120}.Release|Any CPU.ActiveCfg = Release|Any CPU
		{17DF7487-DFA6-4AE8-831C-99251D20C120}.Release|Any CPU.Build.0 = Release|Any CPU
		{17DF7487-DFA6-4AE8-831C-99251D20C120}.Release|x64.ActiveCfg = Release|Any CPU
		{17DF7487-DFA6-4AE8-831C-99251D20C120}.Release|x64.Build.0 = Release|Any CPU
		{17DF7487-DFA6-4AE8-831C-99251D20C120}.Release|x86.ActiveCfg = Release|Any CPU
		{17DF7487-DFA6-4AE8-831C-99251D20C120}.Release|x86.Build.0 = Release|Any CPU
	EndGlobalSection
EndGlobal
